
Microsoft Visual Studio Solution File, Format Version 12.00
# Visual Studio Version 17
VisualStudioVersion = 17.2.32516.85
MinimumVisualStudioVersion = 10.0.40219.1
Project("{FAE04EC0-301F-11D3-BF4B-00C04F79EFBC}") = "antistract", "antistract\antistract.csproj", "{4892FF37-488A-4577-91A8-CF617D9A29F5}"
EndProject
Global
	GlobalSection(SolutionConfigurationPlatforms) = preSolution
		Debug|Any CPU = Debug|Any CPU
		Release|Any CPU = Release|Any CPU
	EndGlobalSection
	GlobalSection(ProjectConfigurationPlatforms) = postSolution
		{4892FF37-488A-4577-91A8-CF617D9A29F5}.Debug|Any CPU.ActiveCfg = Debug|Any CPU
		{4892FF37-488A-4577-91A8-CF617D9A29F5}.Debug|Any CPU.Build.0 = Debug|Any CPU
		{4892FF37-488A-4577-91A8-CF617D9A29F5}.Release|Any CPU.ActiveCfg = Release|Any CPU
		{4892FF37-488A-4577-91A8-CF617D9A29F5}.Release|Any CPU.Build.0 = Release|Any CPU
	EndGlobalSection
	GlobalSection(SolutionProperties) = preSolution
		HideSolutionNode = FALSE
	EndGlobalSection
	GlobalSection(ExtensibilityGlobals) = postSolution
		SolutionGuid = {3042766A-D403-430B-8857-A3609BA995B4}
	EndGlobalSection
EndGlobal
